
Microsoft Visual Studio Solution File, Format Version 12.00
# Visual Studio Version 17
VisualStudioVersion = 17.5.002.0
MinimumVisualStudioVersion = 10.0.40219.1
Project("{9A19103F-16F7-4668-BE54-9A1E7A4F7556}") = "CategoriesAPI", "CategoriesAPI\CategoriesAPI.csproj", "{8763D630-2ABD-491C-ACE5-AC5F2CE13297}"
EndProject
Global
	GlobalSection(SolutionConfigurationPlatforms) = preSolution
		Debug|Any CPU = Debug|Any CPU
		Release|Any CPU = Release|Any CPU
	EndGlobalSection
	GlobalSection(ProjectConfigurationPlatforms) = postSolution
		{8763D630-2ABD-491C-ACE5-AC5F2CE13297}.Debug|Any CPU.ActiveCfg = Debug|Any CPU
		{8763D630-2ABD-491C-ACE5-AC5F2CE13297}.Debug|Any CPU.Build.0 = Debug|Any CPU
		{8763D630-2ABD-491C-ACE5-AC5F2CE13297}.Release|Any CPU.ActiveCfg = Release|Any CPU
		{8763D630-2ABD-491C-ACE5-AC5F2CE13297}.Release|Any CPU.Build.0 = Release|Any CPU
	EndGlobalSection
	GlobalSection(SolutionProperties) = preSolution
		HideSolutionNode = FALSE
	EndGlobalSection
	GlobalSection(ExtensibilityGlobals) = postSolution
		SolutionGuid = {971DEFC3-B444-44B0-B329-B412587D5862}
	EndGlobalSection
EndGlobal
